
Microsoft Visual Studio Solution File, Format Version 12.00
# Visual Studio 15
VisualStudioVersion = 15.0.28307.421
MinimumVisualStudioVersion = 10.0.40219.1
Project("{9A19103F-16F7-4668-BE54-9A1E7A4F7556}") = "SpecflowTest", "SpecflowTest\SpecflowTest.csproj", "{415F4A54-2750-405F-8AE9-1F5A1DEDFC43}"
EndProject
Project("{9A19103F-16F7-4668-BE54-9A1E7A4F7556}") = "StepsTest", "StepsTest\StepsTest.csproj", "{1878B70B-3E9A-4A80-A845-6EB7D680CDE7}"
EndProject
Global
	GlobalSection(SolutionConfigurationPlatforms) = preSolution
		Debug|Any CPU = Debug|Any CPU
		Release|Any CPU = Release|Any CPU
	EndGlobalSection
	GlobalSection(ProjectConfigurationPlatforms) = postSolution
		{415F4A54-2750-405F-8AE9-1F5A1DEDFC43}.Debug|Any CPU.ActiveCfg = Debug|Any CPU
		{415F4A54-2750-405F-8AE9-1F5A1DEDFC43}.Debug|Any CPU.Build.0 = Debug|Any CPU
		{415F4A54-2750-405F-8AE9-1F5A1DEDFC43}.Release|Any CPU.ActiveCfg = Release|Any CPU
		{415F4A54-2750-405F-8AE9-1F5A1DEDFC43}.Release|Any CPU.Build.0 = Release|Any CPU
		{1878B70B-3E9A-4A80-A845-6EB7D680CDE7}.Debug|Any CPU.ActiveCfg = Debug|Any CPU
		{1878B70B-3E9A-4A80-A845-6EB7D680CDE7}.Debug|Any CPU.Build.0 = Debug|Any CPU
		{1878B70B-3E9A-4A80-A845-6EB7D680CDE7}.Release|Any CPU.ActiveCfg = Release|Any CPU
		{1878B70B-3E9A-4A80-A845-6EB7D680CDE7}.Release|Any CPU.Build.0 = Release|Any CPU
	EndGlobalSection
	GlobalSection(SolutionProperties) = preSolution
		HideSolutionNode = FALSE
	EndGlobalSection
	GlobalSection(ExtensibilityGlobals) = postSolution
		SolutionGuid = {8CECF59A-C7F0-4662-933E-6FA45E5E2FF5}
	EndGlobalSection
EndGlobal
